#### Terraform 
Terraform is an open source infrastructure-as-code software tool that enables you to safely and predictably create, change, and improve infrastructure.


#### verify your temporary access to the AWS account

$ aws sts get-caller-identity
{
    "UserId": "AIDAVSADL6QAAPQHXWJPM",
    "Account": "382259164160",
    "Arn": "arn:aws:iam::382259164160:user/user-vsnfomffhgxy"
}


#### terraform fmt 
to ensure proper formatting and readability of your code


$ terraform init

Initializing the backend...

Initializing provider plugins...
- Finding hashicorp/aws versions matching "5.47.0"...
- Installing hashicorp/aws v5.47.0...
- Installed hashicorp/aws v5.47.0 (signed by HashiCorp)

Terraform has created a lock file .terraform.lock.hcl to record the provider
selections it made above. Include this file in your version control repository
so that Terraform can guarantee to make the same selections by default when
you run "terraform init" in the future.

Terraform has been successfully initialized!

You may now begin working with Terraform. Try running "terraform plan" to see
any changes that are required for your infrastructure. All Terraform commands
should now work.

If you ever set or change modules or backend configuration for Terraform,
rerun this command to reinitialize your working directory. If you forget, other
commands will detect it and remind you to do so if necessary.


terraform init to download the AWS provider code locally (in a hidden .terraform folder)

$ terraform validate
Success! The configuration is valid.


$ terraform plan
data.external.env: Reading...
data.external.env: Read complete after 0s [id=-]

Terraform used the selected providers to generate the following execution plan. Resource actions are indicated with the
following symbols:
  + create

Terraform will perform the following actions:

  # aws_s3_bucket.example will be created
  + resource "aws_s3_bucket" "example" {
      + acceleration_status         = (known after apply)
      + acl                         = (known after apply)
      + arn                         = (known after apply)
      + bucket                      = "user-kwqnmtyrfyjt"
      + bucket_domain_name          = (known after apply)
      + bucket_prefix               = (known after apply)
      + bucket_regional_domain_name = (known after apply)
      + force_destroy               = false
      + hosted_zone_id              = (known after apply)
      + id                          = (known after apply)
      + object_lock_enabled         = (known after apply)
      + policy                      = (known after apply)
      + region                      = (known after apply)
      + request_payer               = (known after apply)
      + tags_all                    = (known after apply)
      + website_domain              = (known after apply)
      + website_endpoint            = (known after apply)

      + cors_rule {
          + allowed_headers = (known after apply)
          + allowed_methods = (known after apply)
          + allowed_origins = (known after apply)
          + expose_headers  = (known after apply)
          + max_age_seconds = (known after apply)
        }

      + grant {
          + id          = (known after apply)
          + permissions = (known after apply)
          + type        = (known after apply)
          + uri         = (known after apply)
        }

      + lifecycle_rule {
          + abort_incomplete_multipart_upload_days = (known after apply)
          + enabled                                = (known after apply)
          + id                                     = (known after apply)
          + prefix                                 = (known after apply)
          + tags                                   = (known after apply)

          + expiration {
              + date                         = (known after apply)
              + days                         = (known after apply)
              + expired_object_delete_marker = (known after apply)
            }

          + noncurrent_version_expiration {
              + days = (known after apply)
            }

          + noncurrent_version_transition {
              + days          = (known after apply)
              + storage_class = (known after apply)
            }

          + transition {
              + date          = (known after apply)
              + days          = (known after apply)
              + storage_class = (known after apply)
            }
        }

      + logging {
          + target_bucket = (known after apply)
          + target_prefix = (known after apply)
        }

      + object_lock_configuration {
          + object_lock_enabled = (known after apply)

          + rule {
              + default_retention {
                  + days  = (known after apply)
                  + mode  = (known after apply)
                  + years = (known after apply)
                }
            }
        }

      + replication_configuration {
          + role = (known after apply)

          + rules {
              + delete_marker_replication_status = (known after apply)
              + id                               = (known after apply)
              + prefix                           = (known after apply)
              + priority                         = (known after apply)
              + status                           = (known after apply)

              + destination {
                  + account_id         = (known after apply)
                  + bucket             = (known after apply)
                  + replica_kms_key_id = (known after apply)
                  + storage_class      = (known after apply)

                  + access_control_translation {
                      + owner = (known after apply)
                    }

                  + metrics {
                      + minutes = (known after apply)
                      + status  = (known after apply)
                    }

                  + replication_time {
                      + minutes = (known after apply)
                      + status  = (known after apply)
                    }
                }

              + filter {
                  + prefix = (known after apply)
                  + tags   = (known after apply)
                }

              + source_selection_criteria {
                  + sse_kms_encrypted_objects {
                      + enabled = (known after apply)
                    }
                }
            }
        }

      + server_side_encryption_configuration {
          + rule {
              + bucket_key_enabled = (known after apply)

              + apply_server_side_encryption_by_default {
                  + kms_master_key_id = (known after apply)
                  + sse_algorithm     = (known after apply)
                }
            }
        }

      + versioning {
          + enabled    = (known after apply)
          + mfa_delete = (known after apply)
        }

      + website {
          + error_document           = (known after apply)
          + index_document           = (known after apply)
          + redirect_all_requests_to = (known after apply)
          + routing_rules            = (known after apply)
        }
    }

  # aws_s3_bucket_versioning.versioning_example will be created
  + resource "aws_s3_bucket_versioning" "versioning_example" {
      + bucket = (known after apply)
      + id     = (known after apply)

      + versioning_configuration {
          + mfa_delete = (known after apply)
          + status     = "Enabled"
        }
    }

Plan: 2 to add, 0 to change, 0 to destroy.

────────────────────────────────────────────────────────────────────────────────────────────────────────────────────────────

Note: You didn't use the -out option to save this plan, so Terraform can't guarantee to take exactly these actions if you
run "terraform apply" now.
$ 

The Terraform count meta-argument
The Terraform depends_on meta-argument